
Microsoft Visual Studio Solution File, Format Version 12.00
# Visual Studio Version 17
VisualStudioVersion = 17.14.36518.9
MinimumVisualStudioVersion = 10.0.40219.1
Project("{FAE04EC0-301F-11D3-BF4B-00C04F79EFBC}") = "OcuparApi", "OcuparApi\OcuparApi.csproj", "{0CE55155-6829-4153-8C8E-6BEE4D836EA0}"
EndProject
Project("{FAE04EC0-301F-11D3-BF4B-00C04F79EFBC}") = "OcuparApi.Tests", "OcuparApi.Tests\OcuparApi.Tests.csproj", "{1401959C-6CBA-4644-B5F1-EDB85B698EEE}"
EndProject
Global
	GlobalSection(SolutionConfigurationPlatforms) = preSolution
		Debug|Any CPU = Debug|Any CPU
		Debug|x64 = Debug|x64
		Debug|x86 = Debug|x86
		Release|Any CPU = Release|Any CPU
		Release|x64 = Release|x64
		Release|x86 = Release|x86
	EndGlobalSection
	GlobalSection(ProjectConfigurationPlatforms) = postSolution
		{0CE55155-6829-4153-8C8E-6BEE4D836EA0}.Debug|Any CPU.ActiveCfg = Debug|Any CPU
		{0CE55155-6829-4153-8C8E-6BEE4D836EA0}.Debug|Any CPU.Build.0 = Debug|Any CPU
		{0CE55155-6829-4153-8C8E-6BEE4D836EA0}.Debug|x64.ActiveCfg = Debug|Any CPU
		{0CE55155-6829-4153-8C8E-6BEE4D836EA0}.Debug|x64.Build.0 = Debug|Any CPU
		{0CE55155-6829-4153-8C8E-6BEE4D836EA0}.Debug|x86.ActiveCfg = Debug|Any CPU
		{0CE55155-6829-4153-8C8E-6BEE4D836EA0}.Debug|x86.Build.0 = Debug|Any CPU
		{0CE55155-6829-4153-8C8E-6BEE4D836EA0}.Release|Any CPU.ActiveCfg = Release|Any CPU
		{0CE55155-6829-4153-8C8E-6BEE4D836EA0}.Release|Any CPU.Build.0 = Release|Any CPU
		{0CE55155-6829-4153-8C8E-6BEE4D836EA0}.Release|x64.ActiveCfg = Release|Any CPU
		{0CE55155-6829-4153-8C8E-6BEE4D836EA0}.Release|x64.Build.0 = Release|Any CPU
		{0CE55155-6829-4153-8C8E-6BEE4D836EA0}.Release|x86.ActiveCfg = Release|Any CPU
		{0CE55155-6829-4153-8C8E-6BEE4D836EA0}.Release|x86.Build.0 = Release|Any CPU
		{1401959C-6CBA-4644-B5F1-EDB85B698EEE}.Debug|Any CPU.ActiveCfg = Debug|Any CPU
		{1401959C-6CBA-4644-B5F1-EDB85B698EEE}.Debug|Any CPU.Build.0 = Debug|Any CPU
		{1401959C-6CBA-4644-B5F1-EDB85B698EEE}.Debug|x64.ActiveCfg = Debug|Any CPU
		{1401959C-6CBA-4644-B5F1-EDB85B698EEE}.Debug|x64.Build.0 = Debug|Any CPU
		{1401959C-6CBA-4644-B5F1-EDB85B698EEE}.Debug|x86.ActiveCfg = Debug|Any CPU
		{1401959C-6CBA-4644-B5F1-EDB85B698EEE}.Debug|x86.Build.0 = Debug|Any CPU
		{1401959C-6CBA-4644-B5F1-EDB85B698EEE}.Release|Any CPU.ActiveCfg = Release|Any CPU
		{1401959C-6CBA-4644-B5F1-EDB85B698EEE}.Release|Any CPU.Build.0 = Release|Any CPU
		{1401959C-6CBA-4644-B5F1-EDB85B698EEE}.Release|x64.ActiveCfg = Release|Any CPU
		{1401959C-6CBA-4644-B5F1-EDB85B698EEE}.Release|x64.Build.0 = Release|Any CPU
		{1401959C-6CBA-4644-B5F1-EDB85B698EEE}.Release|x86.ActiveCfg = Release|Any CPU
		{1401959C-6CBA-4644-B5F1-EDB85B698EEE}.Release|x86.Build.0 = Release|Any CPU
	EndGlobalSection
	GlobalSection(SolutionProperties) = preSolution
		HideSolutionNode = FALSE
	EndGlobalSection
	GlobalSection(ExtensibilityGlobals) = postSolution
		SolutionGuid = {18129A32-C9A3-4C97-B2D2-3DA20EED4529}
	EndGlobalSection
EndGlobal
